
Microsoft Visual Studio Solution File, Format Version 12.00
# Visual Studio Version 16
VisualStudioVersion = 16.0.33328.57
MinimumVisualStudioVersion = 10.0.40219.1
Project("{FAE04EC0-301F-11D3-BF4B-00C04F79EFBC}") = "PingTestWindowsForms", "PingTestWindowsForms\PingTestWindowsForms.csproj", "{4072A4D3-C56D-4CC7-A8B0-6FC30822F136}"
EndProject
Global
	GlobalSection(SolutionConfigurationPlatforms) = preSolution
		Debug|Any CPU = Debug|Any CPU
		Release|Any CPU = Release|Any CPU
	EndGlobalSection
	GlobalSection(ProjectConfigurationPlatforms) = postSolution
		{4072A4D3-C56D-4CC7-A8B0-6FC30822F136}.Debug|Any CPU.ActiveCfg = Debug|Any CPU
		{4072A4D3-C56D-4CC7-A8B0-6FC30822F136}.Debug|Any CPU.Build.0 = Debug|Any CPU
		{4072A4D3-C56D-4CC7-A8B0-6FC30822F136}.Release|Any CPU.ActiveCfg = Release|Any CPU
		{4072A4D3-C56D-4CC7-A8B0-6FC30822F136}.Release|Any CPU.Build.0 = Release|Any CPU
	EndGlobalSection
	GlobalSection(SolutionProperties) = preSolution
		HideSolutionNode = FALSE
	EndGlobalSection
	GlobalSection(ExtensibilityGlobals) = postSolution
		SolutionGuid = {90390551-F5BD-4513-AA53-303F9A5749E5}
	EndGlobalSection
EndGlobal
